// !$*UTF8*$!
{
	archiveVersion = 1;
	classes = {
	};
	objectVersion = 77;
	objects = {

/* Begin PBXContainerItemProxy section */
		0FCBAF192F5E48D3003B10FA /* PBXContainerItemProxy */ = {
			isa = PBXContainerItemProxy;
			containerPortal = 0FCBAEFE2F5E48C7003B10FA /* Project object */;
			proxyType = 1;
			remoteGlobalIDString = 0FCBAF052F5E48C7003B10FA;
			remoteInfo = KiwiCare;
		};
		0FCBAF232F5E48D3003B10FA /* PBXContainerItemProxy */ = {
			isa = PBXContainerItemProxy;
			containerPortal = 0FCBAEFE2F5E48C7003B10FA /* Project object */;
			proxyType = 1;
			remoteGlobalIDString = 0FCBAF052F5E48C7003B10FA;
			remoteInfo = KiwiCare;
		};
/* End PBXContainerItemProxy section */

/* Begin PBXFileReference section */
		0FCBAF062F5E48C7003B10FA /* KiwiCare.app */ = {isa = PBXFileReference; explicitFileType = wrapper.application; includeInIndex = 0; path = KiwiCare.app; sourceTree = BUILT_PRODUCTS_DIR; };
		0FCBAF182F5E48D3003B10FA /* KiwiCareTests.xctest */ = {isa = PBXFileReference; explicitFileType = wrapper.cfbundle; includeInIndex = 0; path = KiwiCareTests.xctest; sourceTree = BUILT_PRODUCTS_DIR; };
		0FCBAF222F5E48D3003B10FA /* KiwiCareUITests.xctest */ = {isa = PBXFileReference; explicitFileType = wrapper.cfbundle; includeInIndex = 0; path = KiwiCareUITests.xctest; sourceTree = BUILT_PRODUCTS_DIR; };
/* End PBXFileReference section */

/* Begin PBXFileSystemSynchronizedRootGroup section */
		0FCBAF082F5E48C7003B10FA /* KiwiCare */ = {
			isa = PBXFileSystemSynchronizedRootGroup;
			path = KiwiCare;
			sourceTree = "<group>";
		};
		0FCBAF1B2F5E48D3003B10FA /* KiwiCareTests */ = {
			isa = PBXFileSystemSynchronizedRootGroup;
			path = KiwiCareTests;
			sourceTree = "<group>";
		};
		0FCBAF252F5E48D3003B10FA /* KiwiCareUITests */ = {
			isa = PBXFileSystemSynchronizedRootGroup;
			path = KiwiCareUITests;
			sourceTree = "<group>";
		};
/* End PBXFileSystemSynchronizedRootGroup section */

/* Begin PBXFrameworksBuildPhase section */
		0FCBAF032F5E48C7003B10FA /* Frameworks */ = {
			isa = PBXFrameworksBuildPhase;
			buildActionMask = 2147483647;
			files = (
			);
			runOnlyForDeploymentPostprocessing = 0;
		};
		0FCBAF152F5E48D3003B10FA /* Frameworks */ = {
			isa = PBXFrameworksBuildPhase;
			buildActionMask = 2147483647;
			files = (
			);
			runOnlyForDeploymentPostprocessing = 0;
		};
		0FCBAF1F2F5E48D3003B10FA /* Frameworks */ = {
			isa = PBXFrameworksBuildPhase;
			buildActionMask = 2147483647;
			files = (
			);
			runOnlyForDeploymentPostprocessing = 0;
		};
/* End PBXFrameworksBuildPhase section */

/* Begin PBXGroup section */
		0FCBAEFD2F5E48C7003B10FA = {
			isa = PBXGroup;
			children = (
				0FCBAF082F5E48C7003B10FA /* KiwiCare */,
				0FCBAF1B2F5E48D3003B10FA /* KiwiCareTests */,
				0FCBAF252F5E48D3003B10FA /* KiwiCareUITests */,
				0FCBAF072F5E48C7003B10FA /* Products */,
			);
			sourceTree = "<group>";
		};
		0FCBAF072F5E48C7003B10FA /* Products */ = {
			isa = PBXGroup;
			children = (
				0FCBAF062F5E48C7003B10FA /* KiwiCare.app */,
				0FCBAF182F5E48D3003B10FA /* KiwiCareTests.xctest */,
				0FCBAF222F5E48D3003B10FA /* KiwiCareUITests.xctest */,
			);
			name = Products;
			sourceTree = "<group>";
		};
/* End PBXGroup section */

/* Begin PBXNativeTarget section */
		0FCBAF052F5E48C7003B10FA /* KiwiCare */ = {
			isa = PBXNativeTarget;
			buildConfigurationList = 0FCBAF2C2F5E48D3003B10FA /* Build configuration list for PBXNativeTarget "KiwiCare" */;
			buildPhases = (
				0FCBAF022F5E48C7003B10FA /* Sources */,
				0FCBAF032F5E48C7003B10FA /* Frameworks */,
				0FCBAF042F5E48C7003B10FA /* Resources */,
			);
			buildRules = (
			);
			dependencies = (
			);
			fileSystemSynchronizedGroups = (
				0FCBAF082F5E48C7003B10FA /* KiwiCare */,
			);
			name = KiwiCare;
			packageProductDependencies = (
			);
			productName = KiwiCare;
			productReference = 0FCBAF062F5E48C7003B10FA /* KiwiCare.app */;
			productType = "com.apple.product-type.application";
		};
		0FCBAF172F5E48D3003B10FA /* KiwiCareTests */ = {
			isa = PBXNativeTarget;
			buildConfigurationList = 0FCBAF2F2F5E48D3003B10FA /* Build configuration list for PBXNativeTarget "KiwiCareTests" */;
			buildPhases = (
				0FCBAF142F5E48D3003B10FA /* Sources */,
				0FCBAF152F5E48D3003B10FA /* Frameworks */,
				0FCBAF162F5E48D3003B10FA /* Resources */,
			);
			buildRules = (
			);
			dependencies = (
				0FCBAF1A2F5E48D3003B10FA /* PBXTargetDependency */,
			);
			fileSystemSynchronizedGroups = (
				0FCBAF1B2F5E48D3003B10FA /* KiwiCareTests */,
			);
			name = KiwiCareTests;
			packageProductDependencies = (
			);
			productName = KiwiCareTests;
			productReference = 0FCBAF182F5E48D3003B10FA /* KiwiCareTests.xctest */;
			productType = "com.apple.product-type.bundle.unit-test";
		};
		0FCBAF212F5E48D3003B10FA /* KiwiCareUITests */ = {
			isa = PBXNativeTarget;
			buildConfigurationList = 0FCBAF322F5E48D3003B10FA /* Build configuration list for PBXNativeTarget "KiwiCareUITests" */;
			buildPhases = (
				0FCBAF1E2F5E48D3003B10FA /* Sources */,
				0FCBAF1F2F5E48D3003B10FA /* Frameworks */,
				0FCBAF202F5E48D3003B10FA /* Resources */,
			);
			buildRules = (
			);
			dependencies = (
				0FCBAF242F5E48D3003B10FA /* PBXTargetDependency */,
			);
			fileSystemSynchronizedGroups = (
				0FCBAF252F5E48D3003B10FA /* KiwiCareUITests */,
			);
			name = KiwiCareUITests;
			packageProductDependencies = (
			);
			productName = KiwiCareUITests;
			productReference = 0FCBAF222F5E48D3003B10FA /* KiwiCareUITests.xctest */;
			productType = "com.apple.product-type.bundle.ui-testing";
		};
/* End PBXNativeTarget section */

/* Begin PBXProject section */
		0FCBAEFE2F5E48C7003B10FA /* Project object */ = {
			isa = PBXProject;
			attributes = {
				BuildIndependentTargetsInParallel = 1;
				LastSwiftUpdateCheck = 2630;
				LastUpgradeCheck = 2630;
				TargetAttributes = {
					0FCBAF052F5E48C7003B10FA = {
						CreatedOnToolsVersion = 26.3;
					};
					0FCBAF172F5E48D3003B10FA = {
						CreatedOnToolsVersion = 26.3;
						TestTargetID = 0FCBAF052F5E48C7003B10FA;
					};
					0FCBAF212F5E48D3003B10FA = {
						CreatedOnToolsVersion = 26.3;
						TestTargetID = 0FCBAF052F5E48C7003B10FA;
					};
				};
			};
			buildConfigurationList = 0FCBAF012F5E48C7003B10FA /* Build configuration list for PBXProject "KiwiCare" */;
			developmentRegion = en;
			hasScannedForEncodings = 0;
			knownRegions = (
				en,
				Base,
			);
			mainGroup = 0FCBAEFD2F5E48C7003B10FA;
			minimizedProjectReferenceProxies = 1;
			preferredProjectObjectVersion = 77;
			productRefGroup = 0FCBAF072F5E48C7003B10FA /* Products */;
			projectDirPath = "";
			projectRoot = "";
			targets = (
				0FCBAF052F5E48C7003B10FA /* KiwiCare */,
				0FCBAF172F5E48D3003B10FA /* KiwiCareTests */,
				0FCBAF212F5E48D3003B10FA /* KiwiCareUITests */,
			);
		};
/* End PBXProject section */

/* Begin PBXResourcesBuildPhase section */
		0FCBAF042F5E48C7003B10FA /* Resources */ = {
			isa = PBXResourcesBuildPhase;
			buildActionMask = 2147483647;
			files = (
			);
			runOnlyForDeploymentPostprocessing = 0;
		};
		0FCBAF162F5E48D3003B10FA /* Resources */ = {
			isa = PBXResourcesBuildPhase;
			buildActionMask = 2147483647;
			files = (
			);
			runOnlyForDeploymentPostprocessing = 0;
		};
		0FCBAF202F5E48D3003B10FA /* Resources */ = {
			isa = PBXResourcesBuildPhase;
			buildActionMask = 2147483647;
			files = (
			);
			runOnlyForDeploymentPostprocessing = 0;
		};
/* End PBXResourcesBuildPhase section */

/* Begin PBXSourcesBuildPhase section */
		0FCBAF022F5E48C7003B10FA /* Sources */ = {
			isa = PBXSourcesBuildPhase;
			buildActionMask = 2147483647;
			files = (
			);
			runOnlyForDeploymentPostprocessing = 0;
		};
		0FCBAF142F5E48D3003B10FA /* Sources */ = {
			isa = PBXSourcesBuildPhase;
			buildActionMask = 2147483647;
			files = (
			);
			runOnlyForDeploymentPostprocessing = 0;
		};
		0FCBAF1E2F5E48D3003B10FA /* Sources */ = {
			isa = PBXSourcesBuildPhase;
			buildActionMask = 2147483647;
			files = (
			);
			runOnlyForDeploymentPostprocessing = 0;
		};
/* End PBXSourcesBuildPhase section */

/* Begin PBXTargetDependency section */
		0FCBAF1A2F5E48D3003B10FA /* PBXTargetDependency */ = {
			isa = PBXTargetDependency;
			target = 0FCBAF052F5E48C7003B10FA /* KiwiCare */;
			targetProxy = 0FCBAF192F5E48D3003B10FA /* PBXContainerItemProxy */;
		};
		0FCBAF242F5E48D3003B10FA /* PBXTargetDependency */ = {
			isa = PBXTargetDependency;
			target = 0FCBAF052F5E48C7003B10FA /* KiwiCare */;
			targetProxy = 0FCBAF232F5E48D3003B10FA /* PBXContainerItemProxy */;
		};
/* End PBXTargetDependency section */

/* Begin XCBuildConfiguration section */
		0FCBAF2A2F5E48D3003B10FA /* Debug */ = {
			isa = XCBuildConfiguration;
			buildSettings = {
				ALWAYS_SEARCH_USER_PATHS = NO;
				ASSETCATALOG_COMPILER_GENERATE_SWIFT_ASSET_SYMBOL_EXTENSIONS = YES;
				CLANG_ANALYZER_NONNULL = YES;
				CLANG_ANALYZER_NUMBER_OBJECT_CONVERSION = YES_AGGRESSIVE;
				CLANG_CXX_LANGUAGE_STANDARD = "gnu++20";
				CLANG_ENABLE_MODULES = YES;
				CLANG_ENABLE_OBJC_ARC = YES;
				CLANG_ENABLE_OBJC_WEAK = YES;
				CLANG_WARN_BLOCK_CAPTURE_AUTORELEASING = YES;
				CLANG_WARN_BOOL_CONVERSION = YES;
				CLANG_WARN_COMMA = YES;
				CLANG_WARN_CONSTANT_CONVERSION = YES;
				CLANG_WARN_DEPRECATED_OBJC_IMPLEMENTATIONS = YES;
				CLANG_WARN_DIRECT_OBJC_ISA_USAGE = YES_ERROR;
				CLANG_WARN_DOCUMENTATION_COMMENTS = YES;
				CLANG_WARN_EMPTY_BODY = YES;
				CLANG_WARN_ENUM_CONVERSION = YES;
				CLANG_WARN_INFINITE_RECURSION = YES;
				CLANG_WARN_INT_CONVERSION = YES;
				CLANG_WARN_NON_LITERAL_NULL_CONVERSION = YES;
				CLANG_WARN_OBJC_IMPLICIT_RETAIN_SELF = YES;
				CLANG_WARN_OBJC_LITERAL_CONVERSION = YES;
				CLANG_WARN_OBJC_ROOT_CLASS = YES_ERROR;
				CLANG_WARN_QUOTED_INCLUDE_IN_FRAMEWORK_HEADER = YES;
				CLANG_WARN_RANGE_LOOP_ANALYSIS = YES;
				CLANG_WARN_STRICT_PROTOTYPES = YES;
				CLANG_WARN_SUSPICIOUS_MOVE = YES;
				CLANG_WARN_UNGUARDED_AVAILABILITY = YES_AGGRESSIVE;
				CLANG_WARN_UNREACHABLE_CODE = YES;
				CLANG_WARN__DUPLICATE_METHOD_MATCH = YES;
				COPY_PHASE_STRIP = NO;
				DEBUG_INFORMATION_FORMAT = dwarf;
				DEVELOPMENT_TEAM = 43TYM4VG2Y;
				ENABLE_STRICT_OBJC_MSGSEND = YES;
				ENABLE_TESTABILITY = YES;
				ENABLE_USER_SCRIPT_SANDBOXING = YES;
				GCC_C_LANGUAGE_STANDARD = gnu17;
				GCC_DYNAMIC_NO_PIC = NO;
				GCC_NO_COMMON_BLOCKS = YES;
				GCC_OPTIMIZATION_LEVEL = 0;
				GCC_PREPROCESSOR_DEFINITIONS = (
					"DEBUG=1",
					"$(inherited)",
				);
				GCC_WARN_64_TO_32_BIT_CONVERSION = YES;
				GCC_WARN_ABOUT_RETURN_TYPE = YES_ERROR;
				GCC_WARN_UNDECLARED_SELECTOR = YES;
				GCC_WARN_UNINITIALIZED_AUTOS = YES_AGGRESSIVE;
				GCC_WARN_UNUSED_FUNCTION = YES;
				GCC_WARN_UNUSED_VARIABLE = YES;
				IPHONEOS_DEPLOYMENT_TARGET = 26.2;
				LOCALIZATION_PREFERS_STRING_CATALOGS = YES;
				MTL_ENABLE_DEBUG_INFO = INCLUDE_SOURCE;
				MTL_FAST_MATH = YES;
				ONLY_ACTIVE_ARCH = YES;
				SDKROOT = iphoneos;
				SWIFT_ACTIVE_COMPILATION_CONDITIONS = "DEBUG $(inherited)";
				SWIFT_OPTIMIZATION_LEVEL = "-Onone";
			};
			name = Debug;
		};
		0FCBAF2B2F5E48D3003B10FA /* Release */ = {
			isa = XCBuildConfiguration;
			buildSettings = {
				ALWAYS_SEARCH_USER_PATHS = NO;
				ASSETCATALOG_COMPILER_GENERATE_SWIFT_ASSET_SYMBOL_EXTENSIONS = YES;
				CLANG_ANALYZER_NONNULL = YES;
				CLANG_ANALYZER_NUMBER_OBJECT_CONVERSION = YES_AGGRESSIVE;
				CLANG_CXX_LANGUAGE_STANDARD = "gnu++20";
				CLANG_ENABLE_MODULES = YES;
				CLANG_ENABLE_OBJC_ARC = YES;
				CLANG_ENABLE_OBJC_WEAK = YES;
				CLANG_WARN_BLOCK_CAPTURE_AUTORELEASING = YES;
				CLANG_WARN_BOOL_CONVERSION = YES;
				CLANG_WARN_COMMA = YES;
				CLANG_WARN_CONSTANT_CONVERSION = YES;
				CLANG_WARN_DEPRECATED_OBJC_IMPLEMENTATIONS = YES;
				CLANG_WARN_DIRECT_OBJC_ISA_USAGE = YES_ERROR;
				CLANG_WARN_DOCUMENTATION_COMMENTS = YES;
				CLANG_WARN_EMPTY_BODY = YES;
				CLANG_WARN_ENUM_CONVERSION = YES;
				CLANG_WARN_INFINITE_RECURSION = YES;
				CLANG_WARN_INT_CONVERSION = YES;
				CLANG_WARN_NON_LITERAL_NULL_CONVERSION = YES;
				CLANG_WARN_OBJC_IMPLICIT_RETAIN_SELF = YES;
				CLANG_WARN_OBJC_LITERAL_CONVERSION = YES;
				CLANG_WARN_OBJC_ROOT_CLASS = YES_ERROR;
				CLANG_WARN_QUOTED_INCLUDE_IN_FRAMEWORK_HEADER = YES;
				CLANG_WARN_RANGE_LOOP_ANALYSIS = YES;
				CLANG_WARN_STRICT_PROTOTYPES = YES;
				CLANG_WARN_SUSPICIOUS_MOVE = YES;
				CLANG_WARN_UNGUARDED_AVAILABILITY = YES_AGGRESSIVE;
				CLANG_WARN_UNREACHABLE_CODE = YES;
				CLANG_WARN__DUPLICATE_METHOD_MATCH = YES;
				COPY_PHASE_STRIP = NO;
				DEBUG_INFORMATION_FORMAT = "dwarf-with-dsym";
				DEVELOPMENT_TEAM = 43TYM4VG2Y;
				ENABLE_NS_ASSERTIONS = NO;
				ENABLE_STRICT_OBJC_MSGSEND = YES;
				ENABLE_USER_SCRIPT_SANDBOXING = YES;
				GCC_C_LANGUAGE_STANDARD = gnu17;
				GCC_NO_COMMON_BLOCKS = YES;
				GCC_WARN_64_TO_32_BIT_CONVERSION = YES;
				GCC_WARN_ABOUT_RETURN_TYPE = YES_ERROR;
				GCC_WARN_UNDECLARED_SELECTOR = YES;
				GCC_WARN_UNINITIALIZED_AUTOS = YES_AGGRESSIVE;
				GCC_WARN_UNUSED_FUNCTION = YES;
				GCC_WARN_UNUSED_VARIABLE = YES;
				IPHONEOS_DEPLOYMENT_TARGET = 26.2;
				LOCALIZATION_PREFERS_STRING_CATALOGS = YES;
				MTL_ENABLE_DEBUG_INFO = NO;
				MTL_FAST_MATH = YES;
				SDKROOT = iphoneos;
				SWIFT_COMPILATION_MODE = wholemodule;
				VALIDATE_PRODUCT = YES;
			};
			name = Release;
		};
		0FCBAF2D2F5E48D3003B10FA /* Debug */ = {
			isa = XCBuildConfiguration;
			buildSettings = {
				ASSETCATALOG_COMPILER_APPICON_NAME = AppIcon;
				ASSETCATALOG_COMPILER_GLOBAL_ACCENT_COLOR_NAME = AccentColor;
				CODE_SIGN_STYLE = Automatic;
				CURRENT_PROJECT_VERSION = 1;
				DEVELOPMENT_TEAM = 43TYM4VG2Y;
				ENABLE_PREVIEWS = YES;
				GENERATE_INFOPLIST_FILE = YES;
				INFOPLIST_KEY_UIApplicationSceneManifest_Generation = YES;
				INFOPLIST_KEY_UIApplicationSupportsIndirectInputEvents = YES;
				INFOPLIST_KEY_UILaunchScreen_Generation = YES;
				INFOPLIST_KEY_UISupportedInterfaceOrientations_iPad = "UIInterfaceOrientationPortrait UIInterfaceOrientationPortraitUpsideDown UIInterfaceOrientationLandscapeLeft UIInterfaceOrientationLandscapeRight";
				INFOPLIST_KEY_UISupportedInterfaceOrientations_iPhone = "UIInterfaceOrientationPortrait UIInterfaceOrientationLandscapeLeft UIInterfaceOrientationLandscapeRight";
				LD_RUNPATH_SEARCH_PATHS = (
					"$(inherited)",
					"@executable_path/Frameworks",
				);
				MARKETING_VERSION = 1.0;
				PRODUCT_BUNDLE_IDENTIFIER = com.smilekiss.kiwicare.KiwiCare;
				PRODUCT_NAME = "$(TARGET_NAME)";
				STRING_CATALOG_GENERATE_SYMBOLS = YES;
				SWIFT_APPROACHABLE_CONCURRENCY = YES;
				SWIFT_DEFAULT_ACTOR_ISOLATION = MainActor;
				SWIFT_EMIT_LOC_STRINGS = YES;
				SWIFT_UPCOMING_FEATURE_MEMBER_IMPORT_VISIBILITY = YES;
				SWIFT_VERSION = 5.0;
				TARGETED_DEVICE_FAMILY = "1,2";
			};
			name = Debug;
		};
		0FCBAF2E2F5E48D3003B10FA /* Release */ = {
			isa = XCBuildConfiguration;
			buildSettings = {
				ASSETCATALOG_COMPILER_APPICON_NAME = AppIcon;
				ASSETCATALOG_COMPILER_GLOBAL_ACCENT_COLOR_NAME = AccentColor;
				CODE_SIGN_STYLE = Automatic;
				CURRENT_PROJECT_VERSION = 1;
				DEVELOPMENT_TEAM = 43TYM4VG2Y;
				ENABLE_PREVIEWS = YES;
				GENERATE_INFOPLIST_FILE = YES;
				INFOPLIST_KEY_UIApplicationSceneManifest_Generation = YES;
				INFOPLIST_KEY_UIApplicationSupportsIndirectInputEvents = YES;
				INFOPLIST_KEY_UILaunchScreen_Generation = YES;
				INFOPLIST_KEY_UISupportedInterfaceOrientations_iPad = "UIInterfaceOrientationPortrait UIInterfaceOrientationPortraitUpsideDown UIInterfaceOrientationLandscapeLeft UIInterfaceOrientationLandscapeRight";
				INFOPLIST_KEY_UISupportedInterfaceOrientations_iPhone = "UIInterfaceOrientationPortrait UIInterfaceOrientationLandscapeLeft UIInterfaceOrientationLandscapeRight";
				LD_RUNPATH_SEARCH_PATHS = (
					"$(inherited)",
					"@executable_path/Frameworks",
				);
				MARKETING_VERSION = 1.0;
				PRODUCT_BUNDLE_IDENTIFIER = com.smilekiss.kiwicare.KiwiCare;
				PRODUCT_NAME = "$(TARGET_NAME)";
				STRING_CATALOG_GENERATE_SYMBOLS = YES;
				SWIFT_APPROACHABLE_CONCURRENCY = YES;
				SWIFT_DEFAULT_ACTOR_ISOLATION = MainActor;
				SWIFT_EMIT_LOC_STRINGS = YES;
				SWIFT_UPCOMING_FEATURE_MEMBER_IMPORT_VISIBILITY = YES;
				SWIFT_VERSION = 5.0;
				TARGETED_DEVICE_FAMILY = "1,2";
			};
			name = Release;
		};
		0FCBAF302F5E48D3003B10FA /* Debug */ = {
			isa = XCBuildConfiguration;
			buildSettings = {
				BUNDLE_LOADER = "$(TEST_HOST)";
				CODE_SIGN_STYLE = Automatic;
				CURRENT_PROJECT_VERSION = 1;
				DEVELOPMENT_TEAM = 43TYM4VG2Y;
				GENERATE_INFOPLIST_FILE = YES;
				IPHONEOS_DEPLOYMENT_TARGET = 26.2;
				MARKETING_VERSION = 1.0;
				PRODUCT_BUNDLE_IDENTIFIER = com.smilekiss.kiwicare.KiwiCareTests;
				PRODUCT_NAME = "$(TARGET_NAME)";
				STRING_CATALOG_GENERATE_SYMBOLS = NO;
				SWIFT_APPROACHABLE_CONCURRENCY = YES;
				SWIFT_EMIT_LOC_STRINGS = NO;
				SWIFT_UPCOMING_FEATURE_MEMBER_IMPORT_VISIBILITY = YES;
				SWIFT_VERSION = 5.0;
				TARGETED_DEVICE_FAMILY = "1,2";
				TEST_HOST = "$(BUILT_PRODUCTS_DIR)/KiwiCare.app/$(BUNDLE_EXECUTABLE_FOLDER_PATH)/KiwiCare";
			};
			name = Debug;
		};
		0FCBAF312F5E48D3003B10FA /* Release */ = {
			isa = XCBuildConfiguration;
			buildSettings = {
				BUNDLE_LOADER = "$(TEST_HOST)";
				CODE_SIGN_STYLE = Automatic;
				CURRENT_PROJECT_VERSION = 1;
				DEVELOPMENT_TEAM = 43TYM4VG2Y;
				GENERATE_INFOPLIST_FILE = YES;
				IPHONEOS_DEPLOYMENT_TARGET = 26.2;
				MARKETING_VERSION = 1.0;
				PRODUCT_BUNDLE_IDENTIFIER = com.smilekiss.kiwicare.KiwiCareTests;
				PRODUCT_NAME = "$(TARGET_NAME)";
				STRING_CATALOG_GENERATE_SYMBOLS = NO;
				SWIFT_APPROACHABLE_CONCURRENCY = YES;
				SWIFT_EMIT_LOC_STRINGS = NO;
				SWIFT_UPCOMING_FEATURE_MEMBER_IMPORT_VISIBILITY = YES;
				SWIFT_VERSION = 5.0;
				TARGETED_DEVICE_FAMILY = "1,2";
				TEST_HOST = "$(BUILT_PRODUCTS_DIR)/KiwiCare.app/$(BUNDLE_EXECUTABLE_FOLDER_PATH)/KiwiCare";
			};
			name = Release;
		};
		0FCBAF332F5E48D3003B10FA /* Debug */ = {
			isa = XCBuildConfiguration;
			buildSettings = {
				CODE_SIGN_STYLE = Automatic;
				CURRENT_PROJECT_VERSION = 1;
				DEVELOPMENT_TEAM = 43TYM4VG2Y;
				GENERATE_INFOPLIST_FILE = YES;
				MARKETING_VERSION = 1.0;
				PRODUCT_BUNDLE_IDENTIFIER = com.smilekiss.kiwicare.KiwiCareUITests;
				PRODUCT_NAME = "$(TARGET_NAME)";
				STRING_CATALOG_GENERATE_SYMBOLS = NO;
				SWIFT_APPROACHABLE_CONCURRENCY = YES;
				SWIFT_EMIT_LOC_STRINGS = NO;
				SWIFT_UPCOMING_FEATURE_MEMBER_IMPORT_VISIBILITY = YES;
				SWIFT_VERSION = 5.0;
				TARGETED_DEVICE_FAMILY = "1,2";
				TEST_TARGET_NAME = KiwiCare;
			};
			name = Debug;
		};
		0FCBAF342F5E48D3003B10FA /* Release */ = {
			isa = XCBuildConfiguration;
			buildSettings = {
				CODE_SIGN_STYLE = Automatic;
				CURRENT_PROJECT_VERSION = 1;
				DEVELOPMENT_TEAM = 43TYM4VG2Y;
				GENERATE_INFOPLIST_FILE = YES;
				MARKETING_VERSION = 1.0;
				PRODUCT_BUNDLE_IDENTIFIER = com.smilekiss.kiwicare.KiwiCareUITests;
				PRODUCT_NAME = "$(TARGET_NAME)";
				STRING_CATALOG_GENERATE_SYMBOLS = NO;
				SWIFT_APPROACHABLE_CONCURRENCY = YES;
				SWIFT_EMIT_LOC_STRINGS = NO;
				SWIFT_UPCOMING_FEATURE_MEMBER_IMPORT_VISIBILITY = YES;
				SWIFT_VERSION = 5.0;
				TARGETED_DEVICE_FAMILY = "1,2";
				TEST_TARGET_NAME = KiwiCare;
			};
			name = Release;
		};
/* End XCBuildConfiguration section */

/* Begin XCConfigurationList section */
		0FCBAF012F5E48C7003B10FA /* Build configuration list for PBXProject "KiwiCare" */ = {
			isa = XCConfigurationList;
			buildConfigurations = (
				0FCBAF2A2F5E48D3003B10FA /* Debug */,
				0FCBAF2B2F5E48D3003B10FA /* Release */,
			);
			defaultConfigurationIsVisible = 0;
			defaultConfigurationName = Release;
		};
		0FCBAF2C2F5E48D3003B10FA /* Build configuration list for PBXNativeTarget "KiwiCare" */ = {
			isa = XCConfigurationList;
			buildConfigurations = (
				0FCBAF2D2F5E48D3003B10FA /* Debug */,
				0FCBAF2E2F5E48D3003B10FA /* Release */,
			);
			defaultConfigurationIsVisible = 0;
			defaultConfigurationName = Release;
		};
		0FCBAF2F2F5E48D3003B10FA /* Build configuration list for PBXNativeTarget "KiwiCareTests" */ = {
			isa = XCConfigurationList;
			buildConfigurations = (
				0FCBAF302F5E48D3003B10FA /* Debug */,
				0FCBAF312F5E48D3003B10FA /* Release */,
			);
			defaultConfigurationIsVisible = 0;
			defaultConfigurationName = Release;
		};
		0FCBAF322F5E48D3003B10FA /* Build configuration list for PBXNativeTarget "KiwiCareUITests" */ = {
			isa = XCConfigurationList;
			buildConfigurations = (
				0FCBAF332F5E48D3003B10FA /* Debug */,
				0FCBAF342F5E48D3003B10FA /* Release */,
			);
			defaultConfigurationIsVisible = 0;
			defaultConfigurationName = Release;
		};
/* End XCConfigurationList section */
	};
	rootObject = 0FCBAEFE2F5E48C7003B10FA /* Project object */;
}
